# This file was autogenerated by Stack.
# You should not edit this file by hand.
# For more information, please see the documentation at:
#   https://docs.haskellstack.org/en/stable/lock_files

packages:
- completed:
    hackage: scheduler-1.4.0@sha256:b182be9a7b84e1dba02dac761c3f4e204521d0f779d72d86040789d5aaadf92a,2833
    pantry-tree:
      size: 838
      sha256: 534b4237c72124e0214893076dd8d5d3b261b80f6cd6f070577da37da274bbfe
  original:
    hackage: scheduler-1.4.0@sha256:b182be9a7b84e1dba02dac761c3f4e204521d0f779d72d86040789d5aaadf92a,2833
- completed:
    size: 124626
    subdir: dense-linear-algebra
    url: https://github.com/lehins/dh-core/archive/a24cd447718a23c9bb5732df5cfcc65bb91e5f2d.tar.gz
    cabal-file:
      size: 2841
      sha256: 9fa83943c3545f330452f584718c0788d811ee98d472f15380c2b56479e4c293
    name: dense-linear-algebra
    version: 0.2.0.0
    sha256: 978a49bf980537b490f69b97e664a59170c7809b779d72aaeba96ca6b268cc90
    pantry-tree:
      size: 1222
      sha256: 82a9ce4d299f14df5ff012fe01edcee614d5aa1f5d17f6e50192fef1dea5c20d
  original:
    subdir: dense-linear-algebra
    url: https://github.com/lehins/dh-core/archive/a24cd447718a23c9bb5732df5cfcc65bb91e5f2d.tar.gz
snapshots:
- completed:
    size: 527836
    url: https://raw.githubusercontent.com/commercialhaskell/stackage-snapshots/master/lts/11/22.yaml
    sha256: 341870ac98d8a9f8f77c4adf2e9e0b22063e264a7fbeb4c85b7af5f380dac60e
  original: lts-11.22
